
Microsoft Visual Studio Solution File, Format Version 12.00
# Visual Studio Version 17
VisualStudioVersion = 17.5.002.0
MinimumVisualStudioVersion = 10.0.40219.1
Project("{9A19103F-16F7-4668-BE54-9A1E7A4F7556}") = "FactorialAdder", "FactorialAdder.csproj", "{1E7A30BF-4C62-45ED-8185-DC32A01D2051}"
EndProject
Global
	GlobalSection(SolutionConfigurationPlatforms) = preSolution
		Debug|Any CPU = Debug|Any CPU
		Release|Any CPU = Release|Any CPU
	EndGlobalSection
	GlobalSection(ProjectConfigurationPlatforms) = postSolution
		{1E7A30BF-4C62-45ED-8185-DC32A01D2051}.Debug|Any CPU.ActiveCfg = Debug|Any CPU
		{1E7A30BF-4C62-45ED-8185-DC32A01D2051}.Debug|Any CPU.Build.0 = Debug|Any CPU
		{1E7A30BF-4C62-45ED-8185-DC32A01D2051}.Release|Any CPU.ActiveCfg = Release|Any CPU
		{1E7A30BF-4C62-45ED-8185-DC32A01D2051}.Release|Any CPU.Build.0 = Release|Any CPU
	EndGlobalSection
	GlobalSection(SolutionProperties) = preSolution
		HideSolutionNode = FALSE
	EndGlobalSection
	GlobalSection(ExtensibilityGlobals) = postSolution
		SolutionGuid = {B2E37111-1F14-4C40-A1C6-5505613F57B1}
	EndGlobalSection
EndGlobal
